
Microsoft Visual Studio Solution File, Format Version 12.00
# Visual Studio Version 16
VisualStudioVersion = 16.0.29806.167
MinimumVisualStudioVersion = 10.0.40219.1
Project("{FAE04EC0-301F-11D3-BF4B-00C04F79EFBC}") = "Xaml2Resx", "Xaml2Resx\Xaml2Resx.csproj", "{944C8DF0-C03B-49C2-8C06-E781028FBAFE}"
EndProject
Project("{FAE04EC0-301F-11D3-BF4B-00C04F79EFBC}") = "Localizer.Parsers", "Localizer.Parsers\Localizer.Parsers.csproj", "{5CE58CE0-96F3-434A-AEF5-9486A4FD76B0}"
EndProject
Global
	GlobalSection(SolutionConfigurationPlatforms) = preSolution
		Debug|Any CPU = Debug|Any CPU
		Release|Any CPU = Release|Any CPU
	EndGlobalSection
	GlobalSection(ProjectConfigurationPlatforms) = postSolution
		{944C8DF0-C03B-49C2-8C06-E781028FBAFE}.Debug|Any CPU.ActiveCfg = Debug|Any CPU
		{944C8DF0-C03B-49C2-8C06-E781028FBAFE}.Debug|Any CPU.Build.0 = Debug|Any CPU
		{944C8DF0-C03B-49C2-8C06-E781028FBAFE}.Release|Any CPU.ActiveCfg = Release|Any CPU
		{944C8DF0-C03B-49C2-8C06-E781028FBAFE}.Release|Any CPU.Build.0 = Release|Any CPU
		{5CE58CE0-96F3-434A-AEF5-9486A4FD76B0}.Debug|Any CPU.ActiveCfg = Debug|Any CPU
		{5CE58CE0-96F3-434A-AEF5-9486A4FD76B0}.Debug|Any CPU.Build.0 = Debug|Any CPU
		{5CE58CE0-96F3-434A-AEF5-9486A4FD76B0}.Release|Any CPU.ActiveCfg = Release|Any CPU
		{5CE58CE0-96F3-434A-AEF5-9486A4FD76B0}.Release|Any CPU.Build.0 = Release|Any CPU
	EndGlobalSection
	GlobalSection(SolutionProperties) = preSolution
		HideSolutionNode = FALSE
	EndGlobalSection
	GlobalSection(ExtensibilityGlobals) = postSolution
		SolutionGuid = {7DEF9B26-2512-42A8-B37F-2547310E1BEF}
	EndGlobalSection
EndGlobal
